
Microsoft Visual Studio Solution File, Format Version 12.00
# Visual Studio Version 17
VisualStudioVersion = 17.6.33829.357
MinimumVisualStudioVersion = 10.0.40219.1
Project("{9A19103F-16F7-4668-BE54-9A1E7A4F7556}") = "script", "script\script.csproj", "{05CF77F4-55EE-4722-B1E3-1D1BFABCA85E}"
EndProject
Project("{FAE04EC0-301F-11D3-BF4B-00C04F79EFBC}") = "PanGu", "PanGu\PanGu\PanGu.csproj", "{091E1C60-F77B-45A1-844C-86C5F508B57B}"
EndProject
Global
	GlobalSection(SolutionConfigurationPlatforms) = preSolution
		Debug|Any CPU = Debug|Any CPU
		Release|Any CPU = Release|Any CPU
	EndGlobalSection
	GlobalSection(ProjectConfigurationPlatforms) = postSolution
		{05CF77F4-55EE-4722-B1E3-1D1BFABCA85E}.Debug|Any CPU.ActiveCfg = Debug|Any CPU
		{05CF77F4-55EE-4722-B1E3-1D1BFABCA85E}.Debug|Any CPU.Build.0 = Debug|Any CPU
		{05CF77F4-55EE-4722-B1E3-1D1BFABCA85E}.Release|Any CPU.ActiveCfg = Release|Any CPU
		{05CF77F4-55EE-4722-B1E3-1D1BFABCA85E}.Release|Any CPU.Build.0 = Release|Any CPU
		{091E1C60-F77B-45A1-844C-86C5F508B57B}.Debug|Any CPU.ActiveCfg = Debug|Any CPU
		{091E1C60-F77B-45A1-844C-86C5F508B57B}.Debug|Any CPU.Build.0 = Debug|Any CPU
		{091E1C60-F77B-45A1-844C-86C5F508B57B}.Release|Any CPU.ActiveCfg = Release|Any CPU
		{091E1C60-F77B-45A1-844C-86C5F508B57B}.Release|Any CPU.Build.0 = Release|Any CPU
	EndGlobalSection
	GlobalSection(SolutionProperties) = preSolution
		HideSolutionNode = FALSE
	EndGlobalSection
	GlobalSection(ExtensibilityGlobals) = postSolution
		SolutionGuid = {B7684FFD-398A-4EE7-802C-E2E117845BD2}
	EndGlobalSection
EndGlobal
